
Microsoft Visual Studio Solution File, Format Version 12.00
# Visual Studio Version 17
VisualStudioVersion = 17.6.33815.320
MinimumVisualStudioVersion = 10.0.40219.1
Project("{9A19103F-16F7-4668-BE54-9A1E7A4F7556}") = "PayrollManagementSys.Web", "PayrollManagementSys\PayrollManagementSys.Web.csproj", "{514EFCD1-5476-4C23-9499-62C36BB27805}"
EndProject
Project("{9A19103F-16F7-4668-BE54-9A1E7A4F7556}") = "PayrollManagementSys.Entity", "PayrollManagementSys.Entity\PayrollManagementSys.Entity.csproj", "{BD6DF5F4-2D81-4686-9213-B5913DED1B1D}"
EndProject
Project("{9A19103F-16F7-4668-BE54-9A1E7A4F7556}") = "PayrollManagementSys.Data", "PayrollManagementSys.Data\PayrollManagementSys.Data.csproj", "{83693E91-7607-4F97-B08E-BBA470F9CC04}"
EndProject
Project("{9A19103F-16F7-4668-BE54-9A1E7A4F7556}") = "PayrollManagementSys.Core", "PayrollManagementSys.Core\PayrollManagementSys.Core.csproj", "{8732D262-29D1-4739-9347-BEDE7EB0EF5A}"
EndProject
Project("{9A19103F-16F7-4668-BE54-9A1E7A4F7556}") = "PayrollManagementSys.Service", "PayrollManagementSys.Service\PayrollManagementSys.Service.csproj", "{54ED45A6-7021-4F10-9EC7-57936B4226A9}"
EndProject
Global
	GlobalSection(SolutionConfigurationPlatforms) = preSolution
		Debug|Any CPU = Debug|Any CPU
		Release|Any CPU = Release|Any CPU
	EndGlobalSection
	GlobalSection(ProjectConfigurationPlatforms) = postSolution
		{514EFCD1-5476-4C23-9499-62C36BB27805}.Debug|Any CPU.ActiveCfg = Debug|Any CPU
		{514EFCD1-5476-4C23-9499-62C36BB27805}.Debug|Any CPU.Build.0 = Debug|Any CPU
		{514EFCD1-5476-4C23-9499-62C36BB27805}.Release|Any CPU.ActiveCfg = Release|Any CPU
		{514EFCD1-5476-4C23-9499-62C36BB27805}.Release|Any CPU.Build.0 = Release|Any CPU
		{BD6DF5F4-2D81-4686-9213-B5913DED1B1D}.Debug|Any CPU.ActiveCfg = Debug|Any CPU
		{BD6DF5F4-2D81-4686-9213-B5913DED1B1D}.Debug|Any CPU.Build.0 = Debug|Any CPU
		{BD6DF5F4-2D81-4686-9213-B5913DED1B1D}.Release|Any CPU.ActiveCfg = Release|Any CPU
		{BD6DF5F4-2D81-4686-9213-B5913DED1B1D}.Release|Any CPU.Build.0 = Release|Any CPU
		{83693E91-7607-4F97-B08E-BBA470F9CC04}.Debug|Any CPU.ActiveCfg = Debug|Any CPU
		{83693E91-7607-4F97-B08E-BBA470F9CC04}.Debug|Any CPU.Build.0 = Debug|Any CPU
		{83693E91-7607-4F97-B08E-BBA470F9CC04}.Release|Any CPU.ActiveCfg = Release|Any CPU
		{83693E91-7607-4F97-B08E-BBA470F9CC04}.Release|Any CPU.Build.0 = Release|Any CPU
		{8732D262-29D1-4739-9347-BEDE7EB0EF5A}.Debug|Any CPU.ActiveCfg = Debug|Any CPU
		{8732D262-29D1-4739-9347-BEDE7EB0EF5A}.Debug|Any CPU.Build.0 = Debug|Any CPU
		{8732D262-29D1-4739-9347-BEDE7EB0EF5A}.Release|Any CPU.ActiveCfg = Release|Any CPU
		{8732D262-29D1-4739-9347-BEDE7EB0EF5A}.Release|Any CPU.Build.0 = Release|Any CPU
		{54ED45A6-7021-4F10-9EC7-57936B4226A9}.Debug|Any CPU.ActiveCfg = Debug|Any CPU
		{54ED45A6-7021-4F10-9EC7-57936B4226A9}.Debug|Any CPU.Build.0 = Debug|Any CPU
		{54ED45A6-7021-4F10-9EC7-57936B4226A9}.Release|Any CPU.ActiveCfg = Release|Any CPU
		{54ED45A6-7021-4F10-9EC7-57936B4226A9}.Release|Any CPU.Build.0 = Release|Any CPU
	EndGlobalSection
	GlobalSection(SolutionProperties) = preSolution
		HideSolutionNode = FALSE
	EndGlobalSection
	GlobalSection(ExtensibilityGlobals) = postSolution
		SolutionGuid = {E2232785-82A7-4CE4-935A-7C7136A66322}
	EndGlobalSection
EndGlobal
